[[dependencies]]
name = "@openzeppelin-contracts"
version = "5.6.1"
url = "https://soldeer-revisions.s3.amazonaws.com/@openzeppelin-contracts/5_6_1_15-03-2026_09:19:50_contracts.zip"
checksum = "a3b6bc661be858c7c27f60a1708cbebe8c71034b4cc1e9fe270d0a05b069352f"
integrity = "bce03af7ada1eee21a7fff393f238bcd7cd75a022a4db55ffb6b0dbb32433d35"

[[dependencies]]
name = "forge-std"
version = "1.16.1"
url = "https://soldeer-revisions.s3.amazonaws.com/forge-std/1_16_1_08-05-2026_08:51:16_forge-std-1.16.zip"
checksum = "839b61832925c7152c7b6dffbfa4998d9e606211179bd8f604733124e8a7cb57"
integrity = "60e55d10150354ca4a1e2985c5456c834b92b82ef85ab0e1d92a7786cddbd219"

[[dependencies]]
name = "rain-lib-hash"
version = "0.1.0"
url = "https://soldeer-revisions.s3.amazonaws.com/rain-lib-hash/0_1_0_12-05-2026_16:24:56_rain.lib.zip"
checksum = "648f3e38b297dbd3ecb32b82c8b24c322f484e1734eb50fd393bc547c72b59b0"
integrity = "91f5f679a0a27f096fdbc1e41195dd9f42cacfab15735efeb1101cc1b9215b47"

[[dependencies]]
name = "rain-math-binary"
version = "0.1.4"
url = "https://soldeer-revisions.s3.amazonaws.com/rain-math-binary/0_1_4_17-08-2026_05:22:01_rain.math.zip"
checksum = "1787eb0bc883c4922deb5e547ecaf0bd0f9a31e99c51f3b11744c3324eb592f6"
integrity = "857d22060d058ec173e88448c2d44f0cb884b2381669d0dbe1d3bebb168715ea"

[[dependencies]]
name = "rain-math-float"
version = "0.2.1"
url = "https://soldeer-revisions.s3.amazonaws.com/rain-math-float/0_2_1_08-09-2026_07:26:32_rain.math.zip"
checksum = "d9433a80d1a546b73e80ba3ccda6e2a88e2986222522a6526173a1a0d5d13bef"
integrity = "c24a336446be885b680026d4e7d937e6d4559997a2cb0ee385f4c9be95990d77"

[[dependencies]]
name = "rain-sol-codegen"
version = "0.1.37"
url = "https://soldeer-revisions.s3.amazonaws.com/rain-sol-codegen/0_1_37_25-08-2026_17:26:08_rain.sol.zip"
checksum = "d13ebfc9e769dcd96bf43bd5e0ff9c2894f877949ce5492ae985e70ea10f30b2"
integrity = "0044af31422ea2e98c480e61c7eba091fbe3bd72c6bc9dcddd3b7457aa6d22f4"

[[dependencies]]
name = "rain-solmem"
version = "0.1.28"
url = "https://soldeer-revisions.s3.amazonaws.com/rain-solmem/0_1_28_03-09-2026_07:34:16_rain.zip"
checksum = "3dafbef001edb181683a43c3c295e3f88e2ffcedd751e986562e71e29560c9f0"
integrity = "e7508cd81a998a67118a0fca314d504dc62850d6b535d29c824f696f214e4b23"

[[dependencies]]
name = "rainlang-interface"
version = "0.2.9"
url = "https://soldeer-revisions.s3.amazonaws.com/rainlang-interface/0_2_9_13-09-2026_19:05:27_rainlang.zip"
checksum = "a5f47c60fe86ba2e7183bcb30c4bac4c86e2c9b5bad1544f3bc04c98cf282d95"
integrity = "f4e56272672f10c3988b1bd354909f4b08f06a62ca46f4a566234020226f7d6b"
